
Microsoft Visual Studio Solution File, Format Version 12.00
# Visual Studio Version 16
VisualStudioVersion = 16.0.30523.141
MinimumVisualStudioVersion = 10.0.40219.1
Project("{FAE04EC0-301F-11D3-BF4B-00C04F79EFBC}") = "XLGearModifier", "XLGearModifier\XLGearModifier.csproj", "{FFCCCAAF-B1C5-4F87-903F-472C582DB9E8}"
EndProject
Project("{FAE04EC0-301F-11D3-BF4B-00C04F79EFBC}") = "XLGearModifier.Unity", "XLGearModifier.Unity\XLGearModifier.Unity.csproj", "{E888E5E2-4729-480A-8E25-056E6E16CBC1}"
EndProject
Global
	GlobalSection(SolutionConfigurationPlatforms) = preSolution
		Debug|Any CPU = Debug|Any CPU
		Release|Any CPU = Release|Any CPU
	EndGlobalSection
	GlobalSection(ProjectConfigurationPlatforms) = postSolution
		{FFCCCAAF-B1C5-4F87-903F-472C582DB9E8}.Debug|Any CPU.ActiveCfg = Debug|Any CPU
		{FFCCCAAF-B1C5-4F87-903F-472C582DB9E8}.Debug|Any CPU.Build.0 = Debug|Any CPU
		{FFCCCAAF-B1C5-4F87-903F-472C582DB9E8}.Release|Any CPU.ActiveCfg = Release|Any CPU
		{FFCCCAAF-B1C5-4F87-903F-472C582DB9E8}.Release|Any CPU.Build.0 = Release|Any CPU
		{E888E5E2-4729-480A-8E25-056E6E16CBC1}.Debug|Any CPU.ActiveCfg = Debug|Any CPU
		{E888E5E2-4729-480A-8E25-056E6E16CBC1}.Debug|Any CPU.Build.0 = Debug|Any CPU
		{E888E5E2-4729-480A-8E25-056E6E16CBC1}.Release|Any CPU.ActiveCfg = Release|Any CPU
		{E888E5E2-4729-480A-8E25-056E6E16CBC1}.Release|Any CPU.Build.0 = Release|Any CPU
	EndGlobalSection
	GlobalSection(SolutionProperties) = preSolution
		HideSolutionNode = FALSE
	EndGlobalSection
	GlobalSection(ExtensibilityGlobals) = postSolution
		SolutionGuid = {8FD6083C-B58B-46BA-AB78-C485B954F69B}
	EndGlobalSection
EndGlobal
